// !$*UTF8*$!
{
	archiveVersion = 1;
	classes = {
	};
	objectVersion = 56;
	objects = {

/* Begin PBXBuildFile section */
		AB0000000000000000000101 /* MeleePadRevisions.json in Resources */ = {isa = PBXBuildFile; fileRef = AB0000000000000000000201; };
		AA0000000000000000000101 /* MeleePadAppDelegate.mm in Sources */ = {isa = PBXBuildFile; fileRef = AA0000000000000000000201 /* MeleePadAppDelegate.mm */; };
		AA0000000000000000000102 /* MeleePadGameViewController.mm in Sources */ = {isa = PBXBuildFile; fileRef = AA0000000000000000000202 /* MeleePadGameViewController.mm */; };
		AA0000000000000000000103 /* MeleePadGameOverlay.mm in Sources */ = {isa = PBXBuildFile; fileRef = AA0000000000000000000203 /* MeleePadGameOverlay.mm */; };
		AA0000000000000000000104 /* MeleePadSettings.mm in Sources */ = {isa = PBXBuildFile; fileRef = AA0000000000000000000204 /* MeleePadSettings.mm */; };
		AA0000000000000000000105 /* Assets.xcassets in Resources */ = {isa = PBXBuildFile; fileRef = AA0000000000000000000205 /* Assets.xcassets */; };
		AA0000000000000000000106 /* UIKit.framework in Frameworks */ = {isa = PBXBuildFile; fileRef = AA0000000000000000000206 /* UIKit.framework */; };
		AA0000000000000000000107 /* Metal.framework in Frameworks */ = {isa = PBXBuildFile; fileRef = AA0000000000000000000207 /* Metal.framework */; };
		AA0000000000000000000108 /* MetalKit.framework in Frameworks */ = {isa = PBXBuildFile; fileRef = AA0000000000000000000208 /* MetalKit.framework */; };
		AA0000000000000000000109 /* GameController.framework in Frameworks */ = {isa = PBXBuildFile; fileRef = AA0000000000000000000209 /* GameController.framework */; };
		AA0000000000000000000110 /* CoreGraphics.framework in Frameworks */ = {isa = PBXBuildFile; fileRef = AA0000000000000000000216 /* CoreGraphics.framework */; };
		AA0000000000000000000111 /* QuartzCore.framework in Frameworks */ = {isa = PBXBuildFile; fileRef = AA0000000000000000000217 /* QuartzCore.framework */; };
		AA0000000000000000000112 /* MeleePadCoreHost.mm in Sources */ = {isa = PBXBuildFile; fileRef = AA0000000000000000000218 /* MeleePadCoreHost.mm */; };
		AA0000000000000000000114 /* dev-config.plist in Resources */ = {isa = PBXBuildFile; fileRef = AA0000000000000000000220 /* dev-config.plist */; };
		AA0000000000000000000115 /* CoreText.framework in Frameworks */ = {isa = PBXBuildFile; fileRef = AA0000000000000000000221 /* CoreText.framework */; };
		AA0000000000000000000116 /* Security.framework in Frameworks */ = {isa = PBXBuildFile; fileRef = AA0000000000000000000222 /* Security.framework */; };
		AA0000000000000000000117 /* AudioToolbox.framework in Frameworks */ = {isa = PBXBuildFile; fileRef = AA0000000000000000000223 /* AudioToolbox.framework */; };
		AA0000000000000000000118 /* SystemConfiguration.framework in Frameworks */ = {isa = PBXBuildFile; fileRef = AA0000000000000000000224 /* SystemConfiguration.framework */; };
		AA0000000000000000000119 /* CoreMedia.framework in Frameworks */ = {isa = PBXBuildFile; fileRef = AA0000000000000000000225 /* CoreMedia.framework */; };
		AA000000000000000000011A /* CoreVideo.framework in Frameworks */ = {isa = PBXBuildFile; fileRef = AA0000000000000000000226 /* CoreVideo.framework */; };
		AA000000000000000000011B /* CoreMotion.framework in Frameworks */ = {isa = PBXBuildFile; fileRef = AA0000000000000000000227 /* CoreMotion.framework */; };
		AA000000000000000000011C /* Foundation.framework in Frameworks */ = {isa = PBXBuildFile; fileRef = AA0000000000000000000228 /* Foundation.framework */; };
		AA000000000000000000011D /* CoreHaptics.framework in Frameworks */ = {isa = PBXBuildFile; fileRef = AA000000000000000000022A /* CoreHaptics.framework */; settings = {ATTRIBUTES = (Weak, ); }; };
		AA000000000000000000011E /* UniformTypeIdentifiers.framework in Frameworks */ = {isa = PBXBuildFile; fileRef = AA000000000000000000022B /* UniformTypeIdentifiers.framework */; };
		AA000000000000000000011F /* MeleePadDiscExtractor.mm in Sources */ = {isa = PBXBuildFile; fileRef = AA000000000000000000022C /* MeleePadDiscExtractor.mm */; };
		AA0000000000000000000120 /* MeleePadInputMixer.mm in Sources */ = {isa = PBXBuildFile; fileRef = AA000000000000000000022E /* MeleePadInputMixer.mm */; };
		AA0000000000000000000121 /* Sys in Resources */ = {isa = PBXBuildFile; fileRef = AA0000000000000000000230 /* Sys */; };
		AA0000000000000000000122 /* MeleePadDiagnostics.mm in Sources */ = {isa = PBXBuildFile; fileRef = AA0000000000000000000231 /* MeleePadDiagnostics.mm */; };
		AA0000000000000000000123 /* MeleePadInputPipeEncoder.mm in Sources */ = {isa = PBXBuildFile; fileRef = AA0000000000000000000233 /* MeleePadInputPipeEncoder.mm */; };
		AA0000000000000000000124 /* PrivacyInfo.xcprivacy in Resources */ = {isa = PBXBuildFile; fileRef = AA0000000000000000000235 /* PrivacyInfo.xcprivacy */; };
		AA0000000000000000000125 /* MeleePadControllerMapping.mm in Sources */ = {isa = PBXBuildFile; fileRef = AA0000000000000000000236 /* MeleePadControllerMapping.mm */; };
		AA0000000000000000000126 /* MeleePadOnlinePlayViewController.mm in Sources */ = {isa = PBXBuildFile; fileRef = AA0000000000000000000238 /* MeleePadOnlinePlayViewController.mm */; };
		AA0000000000000000000127 /* MeleePadPublicLobbyClient.m in Sources */ = {isa = PBXBuildFile; fileRef = AA0000000000000000000240 /* MeleePadPublicLobbyClient.m */; };
		AC0000000000000000000001 /* Notices in Resources */ = {isa = PBXBuildFile; fileRef = AC0000000000000000000002 /* Notices */; };
		AA0000000000000000000128 /* MeleePadSlippiHost.mm in Sources */ = {isa = PBXBuildFile; fileRef = AA0000000000000000000242 /* MeleePadSlippiHost.mm */; };
		AA0000000000000000000129 /* slippi-direct-probe.cpp in Sources */ = {isa = PBXBuildFile; fileRef = AA0000000000000000000243 /* slippi-direct-probe.cpp */; settings = {COMPILER_FLAGS = "-iquote $(SRCROOT)/ref/ModernGekko/vendor/dolphin/SlippiAdapter/Source -I$(SRCROOT)/ref/ModernGekko/vendor/dolphin/SlippiAdapter/Source"; }; };
		AA0000000000000000000130 /* SlippiDirectCodes.cpp in Sources */ = {isa = PBXBuildFile; fileRef = AA0000000000000000000244 /* SlippiDirectCodes.cpp */; settings = {COMPILER_FLAGS = "-iquote $(SRCROOT)/ref/ModernGekko/vendor/dolphin/SlippiAdapter/Source -I$(SRCROOT)/ref/ModernGekko/vendor/dolphin/SlippiAdapter/Source"; }; };
		AA0000000000000000000131 /* SlippiGame.cpp in Sources */ = {isa = PBXBuildFile; fileRef = AA0000000000000000000245 /* SlippiGame.cpp */; settings = {COMPILER_FLAGS = "-iquote $(SRCROOT)/ref/ModernGekko/vendor/dolphin/SlippiAdapter/Source -I$(SRCROOT)/ref/ModernGekko/vendor/dolphin/SlippiAdapter/Source"; }; };
		AA0000000000000000000132 /* SlippiGameFileLoader.cpp in Sources */ = {isa = PBXBuildFile; fileRef = AA0000000000000000000246 /* SlippiGameFileLoader.cpp */; settings = {COMPILER_FLAGS = "-iquote $(SRCROOT)/ref/ModernGekko/vendor/dolphin/SlippiAdapter/Source -I$(SRCROOT)/ref/ModernGekko/vendor/dolphin/SlippiAdapter/Source"; }; };
		AA0000000000000000000133 /* SlippiMatchmaking.cpp in Sources */ = {isa = PBXBuildFile; fileRef = AA0000000000000000000247 /* SlippiMatchmaking.cpp */; settings = {COMPILER_FLAGS = "-iquote $(SRCROOT)/ref/ModernGekko/vendor/dolphin/SlippiAdapter/Source -I$(SRCROOT)/ref/ModernGekko/vendor/dolphin/SlippiAdapter/Source"; }; };
		AA0000000000000000000134 /* SlippiNetplay.cpp in Sources */ = {isa = PBXBuildFile; fileRef = AA0000000000000000000248 /* SlippiNetplay.cpp */; settings = {COMPILER_FLAGS = "-iquote $(SRCROOT)/ref/ModernGekko/vendor/dolphin/SlippiAdapter/Source -I$(SRCROOT)/ref/ModernGekko/vendor/dolphin/SlippiAdapter/Source"; }; };
		AA0000000000000000000135 /* SlippiPad.cpp in Sources */ = {isa = PBXBuildFile; fileRef = AA0000000000000000000249 /* SlippiPad.cpp */; settings = {COMPILER_FLAGS = "-iquote $(SRCROOT)/ref/ModernGekko/vendor/dolphin/SlippiAdapter/Source -I$(SRCROOT)/ref/ModernGekko/vendor/dolphin/SlippiAdapter/Source"; }; };
		AA0000000000000000000136 /* SlippiPlayback.cpp in Sources */ = {isa = PBXBuildFile; fileRef = AA000000000000000000024A /* SlippiPlayback.cpp */; settings = {COMPILER_FLAGS = "-iquote $(SRCROOT)/ref/ModernGekko/vendor/dolphin/SlippiAdapter/Source -I$(SRCROOT)/ref/ModernGekko/vendor/dolphin/SlippiAdapter/Source"; }; };
		AA0000000000000000000137 /* SlippiReplayComm.cpp in Sources */ = {isa = PBXBuildFile; fileRef = AA000000000000000000024B /* SlippiReplayComm.cpp */; settings = {COMPILER_FLAGS = "-iquote $(SRCROOT)/ref/ModernGekko/vendor/dolphin/SlippiAdapter/Source -I$(SRCROOT)/ref/ModernGekko/vendor/dolphin/SlippiAdapter/Source"; }; };
		AA0000000000000000000138 /* SlippiSavestate.cpp in Sources */ = {isa = PBXBuildFile; fileRef = AA000000000000000000024C /* SlippiSavestate.cpp */; settings = {COMPILER_FLAGS = "-iquote $(SRCROOT)/ref/ModernGekko/vendor/dolphin/SlippiAdapter/Source -I$(SRCROOT)/ref/ModernGekko/vendor/dolphin/SlippiAdapter/Source"; }; };
		AA0000000000000000000139 /* SlippiSpectate.cpp in Sources */ = {isa = PBXBuildFile; fileRef = AA000000000000000000024D /* SlippiSpectate.cpp */; settings = {COMPILER_FLAGS = "-iquote $(SRCROOT)/ref/ModernGekko/vendor/dolphin/SlippiAdapter/Source -I$(SRCROOT)/ref/ModernGekko/vendor/dolphin/SlippiAdapter/Source"; }; };
		AA000000000000000000013A /* SlippiStrings.cpp in Sources */ = {isa = PBXBuildFile; fileRef = AA000000000000000000024E /* SlippiStrings.cpp */; settings = {COMPILER_FLAGS = "-iquote $(SRCROOT)/ref/ModernGekko/vendor/dolphin/SlippiAdapter/Source -I$(SRCROOT)/ref/ModernGekko/vendor/dolphin/SlippiAdapter/Source"; }; };
		AA000000000000000000013B /* SlippiUser.cpp in Sources */ = {isa = PBXBuildFile; fileRef = AA000000000000000000024F /* SlippiUser.cpp */; settings = {COMPILER_FLAGS = "-iquote $(SRCROOT)/ref/ModernGekko/vendor/dolphin/SlippiAdapter/Source -I$(SRCROOT)/ref/ModernGekko/vendor/dolphin/SlippiAdapter/Source"; }; };
		AA000000000000000000013C /* EXI_DeviceSlippi.cpp in Sources */ = {isa = PBXBuildFile; fileRef = AA0000000000000000000250 /* EXI_DeviceSlippi.cpp */; settings = {COMPILER_FLAGS = "-iquote $(SRCROOT)/ref/ModernGekko/vendor/dolphin/SlippiAdapter/Source -I$(SRCROOT)/ref/ModernGekko/vendor/dolphin/SlippiAdapter/Source"; }; };
		AA000000000000000000013D /* GeckoCode.cpp in Sources */ = {isa = PBXBuildFile; fileRef = AA0000000000000000000251 /* GeckoCode.cpp */; settings = {COMPILER_FLAGS = "-iquote $(SRCROOT)/ref/ModernGekko/vendor/dolphin/SlippiAdapter/Source -I$(SRCROOT)/ref/ModernGekko/vendor/dolphin/SlippiAdapter/Source"; }; };
		AA000000000000000000013E /* State.cpp in Sources */ = {isa = PBXBuildFile; fileRef = AA0000000000000000000252 /* State.cpp */; settings = {COMPILER_FLAGS = "-iquote $(SRCROOT)/ref/ModernGekko/vendor/dolphin/SlippiAdapter/Source -I$(SRCROOT)/ref/ModernGekko/vendor/dolphin/SlippiAdapter/Source"; }; };
		AA000000000000000000013F /* DVDThread.cpp in Sources */ = {isa = PBXBuildFile; fileRef = AA0000000000000000000253 /* DVDThread.cpp */; settings = {COMPILER_FLAGS = "-iquote $(SRCROOT)/ref/ModernGekko/vendor/dolphin/SlippiAdapter/Source -I$(SRCROOT)/ref/ModernGekko/vendor/dolphin/SlippiAdapter/Source"; }; };
		AA0000000000000000000140 /* OnScreenDisplay.cpp in Sources */ = {isa = PBXBuildFile; fileRef = AA0000000000000000000254 /* OnScreenDisplay.cpp */; settings = {COMPILER_FLAGS = "-iquote $(SRCROOT)/ref/ModernGekko/vendor/dolphin/SlippiAdapter/Source -I$(SRCROOT)/ref/ModernGekko/vendor/dolphin/SlippiAdapter/Source"; }; };
		AA0000000000000000000141 /* EXI_Device.cpp in Sources */ = {isa = PBXBuildFile; fileRef = AA0000000000000000000255 /* EXI_Device.cpp */; settings = {COMPILER_FLAGS = "-iquote $(SRCROOT)/ref/ModernGekko/vendor/dolphin/SlippiAdapter/Source -I$(SRCROOT)/ref/ModernGekko/vendor/dolphin/SlippiAdapter/Source"; }; };
		AA0000000000000000000142 /* JitCache.cpp in Sources */ = {isa = PBXBuildFile; fileRef = AA0000000000000000000256 /* JitCache.cpp */; settings = {COMPILER_FLAGS = "-iquote $(SRCROOT)/ref/ModernGekko/vendor/dolphin/SlippiAdapter/Source -I$(SRCROOT)/ref/ModernGekko/vendor/dolphin/SlippiAdapter/Source"; }; };
		AA0000000000000000000143 /* HLE_Misc.cpp in Sources */ = {isa = PBXBuildFile; fileRef = AA0000000000000000000257 /* HLE_Misc.cpp */; settings = {COMPILER_FLAGS = "-iquote $(SRCROOT)/ref/ModernGekko/vendor/dolphin/SlippiAdapter/Source -I$(SRCROOT)/ref/ModernGekko/vendor/dolphin/SlippiAdapter/Source"; }; };
		AA0000000000000000000144 /* dolphin_runtime.cpp in Sources */ = {isa = PBXBuildFile; fileRef = AA0000000000000000000258 /* dolphin_runtime.cpp */; settings = {COMPILER_FLAGS = "-iquote $(SRCROOT)/ref/ModernGekko/vendor/dolphin/SlippiAdapter/Source -I$(SRCROOT)/ref/ModernGekko/vendor/dolphin/SlippiAdapter/Source -DMODERNGEKKO_HAVE_IOS=1"; }; };
		AA0000000000000000000145 /* StaticRecompSettings.cpp in Sources */ = {isa = PBXBuildFile; fileRef = AA0000000000000000000259 /* StaticRecompSettings.cpp */; settings = {COMPILER_FLAGS = "-iquote $(SRCROOT)/ref/ModernGekko/vendor/dolphin/SlippiAdapter/Source -I$(SRCROOT)/ref/ModernGekko/vendor/dolphin/SlippiAdapter/Source"; }; };
		AA0000000000000000000146 /* Interpreter_LoadStore.cpp in Sources */ = {isa = PBXBuildFile; fileRef = AA000000000000000000025A /* Interpreter_LoadStore.cpp */; settings = {COMPILER_FLAGS = "-iquote $(SRCROOT)/ref/ModernGekko/vendor/dolphin/SlippiAdapter/Source -I$(SRCROOT)/ref/ModernGekko/vendor/dolphin/SlippiAdapter/Source"; }; };
		AA0000000000000000000147 /* StateFile.cpp in Sources */ = {isa = PBXBuildFile; fileRef = AA000000000000000000025B /* StateFile.cpp */; settings = {COMPILER_FLAGS = "-iquote $(SRCROOT)/ref/ModernGekko/vendor/dolphin/SlippiAdapter/Source -I$(SRCROOT)/ref/ModernGekko/vendor/dolphin/SlippiAdapter/Source -I$(SRCROOT)/ref/ModernGekko/vendor/dolphin/Externals/LZO -I$(SRCROOT)/ref/ModernGekko/vendor/dolphin/Externals/lz4/lz4/lib"; }; };
/* End PBXBuildFile section */

/* Begin PBXFileReference section */
		AB0000000000000000000202 /* MeleePadRevision.h */ = {isa = PBXFileReference; lastKnownFileType = sourcecode.c.h; path = MeleePadRevision.h; sourceTree = "<group>"; };
		AB0000000000000000000201 /* MeleePadRevisions.json */ = {isa = PBXFileReference; lastKnownFileType = text.json; path = MeleePadRevisions.json; sourceTree = "<group>"; };
		AA0000000000000000000201 /* MeleePadAppDelegate.mm */ = {isa = PBXFileReference; lastKnownFileType = sourcecode.cpp.objcpp; path = MeleePadAppDelegate.mm; sourceTree = "<group>"; };
		AA0000000000000000000202 /* MeleePadGameViewController.mm */ = {isa = PBXFileReference; lastKnownFileType = sourcecode.cpp.objcpp; path = MeleePadGameViewController.mm; sourceTree = "<group>"; };
		AA0000000000000000000203 /* MeleePadGameOverlay.mm */ = {isa = PBXFileReference; lastKnownFileType = sourcecode.cpp.objcpp; path = MeleePadGameOverlay.mm; sourceTree = "<group>"; };
		AA0000000000000000000204 /* MeleePadSettings.mm */ = {isa = PBXFileReference; lastKnownFileType = sourcecode.cpp.objcpp; path = MeleePadSettings.mm; sourceTree = "<group>"; };
		AA0000000000000000000205 /* Assets.xcassets */ = {isa = PBXFileReference; lastKnownFileType = folder.assetcatalog; path = Assets.xcassets; sourceTree = "<group>"; };
		AA0000000000000000000206 /* UIKit.framework */ = {isa = PBXFileReference; lastKnownFileType = wrapper.framework; name = UIKit.framework; path = System/Library/Frameworks/UIKit.framework; sourceTree = SDKROOT; };
		AA0000000000000000000207 /* Metal.framework */ = {isa = PBXFileReference; lastKnownFileType = wrapper.framework; name = Metal.framework; path = System/Library/Frameworks/Metal.framework; sourceTree = SDKROOT; };
		AA0000000000000000000208 /* MetalKit.framework */ = {isa = PBXFileReference; lastKnownFileType = wrapper.framework; name = MetalKit.framework; path = System/Library/Frameworks/MetalKit.framework; sourceTree = SDKROOT; };
		AA0000000000000000000209 /* GameController.framework */ = {isa = PBXFileReference; lastKnownFileType = wrapper.framework; name = GameController.framework; path = System/Library/Frameworks/GameController.framework; sourceTree = SDKROOT; };
		AA0000000000000000000210 /* MeleePadGameOverlay.h */ = {isa = PBXFileReference; lastKnownFileType = sourcecode.c.h; path = MeleePadGameOverlay.h; sourceTree = "<group>"; };
		AA0000000000000000000211 /* MeleePadGameViewController.h */ = {isa = PBXFileReference; lastKnownFileType = sourcecode.c.h; path = MeleePadGameViewController.h; sourceTree = "<group>"; };
		AA0000000000000000000212 /* MeleePadSettings.h */ = {isa = PBXFileReference; lastKnownFileType = sourcecode.c.h; path = MeleePadSettings.h; sourceTree = "<group>"; };
		AA0000000000000000000213 /* MeleePadInputState.h */ = {isa = PBXFileReference; lastKnownFileType = sourcecode.c.h; path = MeleePadInputState.h; sourceTree = "<group>"; };
		AA0000000000000000000214 /* Info.plist */ = {isa = PBXFileReference; lastKnownFileType = text.plist.xml; path = Info.plist; sourceTree = "<group>"; };
		AA0000000000000000000215 /* MeleePad.app */ = {isa = PBXFileReference; explicitFileType = wrapper.application; includeInIndex = 0; path = MeleePad.app; sourceTree = BUILT_PRODUCTS_DIR; };
		AA0000000000000000000216 /* CoreGraphics.framework */ = {isa = PBXFileReference; lastKnownFileType = wrapper.framework; name = CoreGraphics.framework; path = System/Library/Frameworks/CoreGraphics.framework; sourceTree = SDKROOT; };
		AA0000000000000000000217 /* QuartzCore.framework */ = {isa = PBXFileReference; lastKnownFileType = wrapper.framework; name = QuartzCore.framework; path = System/Library/Frameworks/QuartzCore.framework; sourceTree = SDKROOT; };
		AA0000000000000000000218 /* MeleePadCoreHost.mm */ = {isa = PBXFileReference; lastKnownFileType = sourcecode.cpp.objcpp; path = MeleePadCoreHost.mm; sourceTree = "<group>"; };
		AA0000000000000000000220 /* dev-config.plist */ = {isa = PBXFileReference; lastKnownFileType = text.plist.xml; name = dev-config.plist; path = "Provisioned/$(PLATFORM_NAME)/dev-config.plist"; sourceTree = "<group>"; };
		AA0000000000000000000221 /* CoreText.framework */ = {isa = PBXFileReference; lastKnownFileType = wrapper.framework; name = CoreText.framework; path = System/Library/Frameworks/CoreText.framework; sourceTree = SDKROOT; };
		AA0000000000000000000222 /* Security.framework */ = {isa = PBXFileReference; lastKnownFileType = wrapper.framework; name = Security.framework; path = System/Library/Frameworks/Security.framework; sourceTree = SDKROOT; };
		AA0000000000000000000223 /* AudioToolbox.framework */ = {isa = PBXFileReference; lastKnownFileType = wrapper.framework; name = AudioToolbox.framework; path = System/Library/Frameworks/AudioToolbox.framework; sourceTree = SDKROOT; };
		AA0000000000000000000224 /* SystemConfiguration.framework */ = {isa = PBXFileReference; lastKnownFileType = wrapper.framework; name = SystemConfiguration.framework; path = System/Library/Frameworks/SystemConfiguration.framework; sourceTree = SDKROOT; };
		AA0000000000000000000225 /* CoreMedia.framework */ = {isa = PBXFileReference; lastKnownFileType = wrapper.framework; name = CoreMedia.framework; path = System/Library/Frameworks/CoreMedia.framework; sourceTree = SDKROOT; };
		AA0000000000000000000226 /* CoreVideo.framework */ = {isa = PBXFileReference; lastKnownFileType = wrapper.framework; name = CoreVideo.framework; path = System/Library/Frameworks/CoreVideo.framework; sourceTree = SDKROOT; };
		AA0000000000000000000227 /* CoreMotion.framework */ = {isa = PBXFileReference; lastKnownFileType = wrapper.framework; name = CoreMotion.framework; path = System/Library/Frameworks/CoreMotion.framework; sourceTree = SDKROOT; };
		AA0000000000000000000228 /* Foundation.framework */ = {isa = PBXFileReference; lastKnownFileType = wrapper.framework; name = Foundation.framework; path = System/Library/Frameworks/Foundation.framework; sourceTree = SDKROOT; };
		AA0000000000000000000229 /* MeleePadCoreHost.h */ = {isa = PBXFileReference; lastKnownFileType = sourcecode.c.h; path = MeleePadCoreHost.h; sourceTree = "<group>"; };
		AA000000000000000000022A /* CoreHaptics.framework */ = {isa = PBXFileReference; lastKnownFileType = wrapper.framework; name = CoreHaptics.framework; path = System/Library/Frameworks/CoreHaptics.framework; sourceTree = SDKROOT; };
		AA000000000000000000022B /* UniformTypeIdentifiers.framework */ = {isa = PBXFileReference; lastKnownFileType = wrapper.framework; name = UniformTypeIdentifiers.framework; path = System/Library/Frameworks/UniformTypeIdentifiers.framework; sourceTree = SDKROOT; };
		AA000000000000000000022C /* MeleePadDiscExtractor.mm */ = {isa = PBXFileReference; lastKnownFileType = sourcecode.cpp.objcpp; path = MeleePadDiscExtractor.mm; sourceTree = "<group>"; };
		AA000000000000000000022D /* MeleePadDiscExtractor.h */ = {isa = PBXFileReference; lastKnownFileType = sourcecode.c.h; path = MeleePadDiscExtractor.h; sourceTree = "<group>"; };
		AA000000000000000000022E /* MeleePadInputMixer.mm */ = {isa = PBXFileReference; lastKnownFileType = sourcecode.cpp.objcpp; path = MeleePadInputMixer.mm; sourceTree = "<group>"; };
		AA000000000000000000022F /* MeleePadInputMixer.h */ = {isa = PBXFileReference; lastKnownFileType = sourcecode.c.h; path = MeleePadInputMixer.h; sourceTree = "<group>"; };
		AA0000000000000000000230 /* Sys */ = {isa = PBXFileReference; lastKnownFileType = folder; name = Sys; path = ref/ModernGekko/vendor/dolphin/Data/Sys; sourceTree = SOURCE_ROOT; };
		AA0000000000000000000231 /* MeleePadDiagnostics.mm */ = {isa = PBXFileReference; lastKnownFileType = sourcecode.cpp.objcpp; path = MeleePadDiagnostics.mm; sourceTree = "<group>"; };
		AA0000000000000000000232 /* MeleePadDiagnostics.h */ = {isa = PBXFileReference; lastKnownFileType = sourcecode.c.h; path = MeleePadDiagnostics.h; sourceTree = "<group>"; };
		AA0000000000000000000233 /* MeleePadInputPipeEncoder.mm */ = {isa = PBXFileReference; lastKnownFileType = sourcecode.cpp.objcpp; path = MeleePadInputPipeEncoder.mm; sourceTree = "<group>"; };
		AA0000000000000000000234 /* MeleePadInputPipeEncoder.h */ = {isa = PBXFileReference; lastKnownFileType = sourcecode.c.h; path = MeleePadInputPipeEncoder.h; sourceTree = "<group>"; };
		AA0000000000000000000235 /* PrivacyInfo.xcprivacy */ = {isa = PBXFileReference; lastKnownFileType = text.xml; path = PrivacyInfo.xcprivacy; sourceTree = "<group>"; };
		AA0000000000000000000236 /* MeleePadControllerMapping.mm */ = {isa = PBXFileReference; lastKnownFileType = sourcecode.cpp.objcpp; path = MeleePadControllerMapping.mm; sourceTree = "<group>"; };
		AA0000000000000000000237 /* MeleePadControllerMapping.h */ = {isa = PBXFileReference; lastKnownFileType = sourcecode.c.h; path = MeleePadControllerMapping.h; sourceTree = "<group>"; };
		AA0000000000000000000238 /* MeleePadOnlinePlayViewController.mm */ = {isa = PBXFileReference; lastKnownFileType = sourcecode.cpp.objcpp; path = MeleePadOnlinePlayViewController.mm; sourceTree = "<group>"; };
		AA0000000000000000000239 /* MeleePadOnlinePlayViewController.h */ = {isa = PBXFileReference; lastKnownFileType = sourcecode.c.h; path = MeleePadOnlinePlayViewController.h; sourceTree = "<group>"; };
		AA0000000000000000000240 /* MeleePadPublicLobbyClient.m */ = {isa = PBXFileReference; lastKnownFileType = sourcecode.c.objc; path = MeleePadPublicLobbyClient.m; sourceTree = "<group>"; };
		AA0000000000000000000241 /* MeleePadPublicLobbyClient.h */ = {isa = PBXFileReference; lastKnownFileType = sourcecode.c.h; path = MeleePadPublicLobbyClient.h; sourceTree = "<group>"; };
		AC0000000000000000000002 /* Notices */ = {isa = PBXFileReference; lastKnownFileType = folder; path = apple/ios/Provisioned/Notices; sourceTree = SOURCE_ROOT; };
		AA0000000000000000000242 /* MeleePadSlippiHost.mm */ = {isa = PBXFileReference; lastKnownFileType = sourcecode.cpp.objcpp; path = MeleePadSlippiHost.mm; sourceTree = "<group>"; };
		AA0000000000000000000243 /* slippi-direct-probe.cpp */ = {isa = PBXFileReference; lastKnownFileType = sourcecode.cpp.cpp; path = scripts/slippi-direct-probe.cpp; sourceTree = SOURCE_ROOT; };
		AA0000000000000000000244 /* SlippiDirectCodes.cpp */ = {isa = PBXFileReference; lastKnownFileType = sourcecode.cpp.cpp; path = Core/Slippi/SlippiDirectCodes.cpp; sourceTree = "<group>"; };
		AA0000000000000000000245 /* SlippiGame.cpp */ = {isa = PBXFileReference; lastKnownFileType = sourcecode.cpp.cpp; path = Core/Slippi/SlippiGame.cpp; sourceTree = "<group>"; };
		AA0000000000000000000246 /* SlippiGameFileLoader.cpp */ = {isa = PBXFileReference; lastKnownFileType = sourcecode.cpp.cpp; path = Core/Slippi/SlippiGameFileLoader.cpp; sourceTree = "<group>"; };
		AA0000000000000000000247 /* SlippiMatchmaking.cpp */ = {isa = PBXFileReference; lastKnownFileType = sourcecode.cpp.cpp; path = Core/Slippi/SlippiMatchmaking.cpp; sourceTree = "<group>"; };
		AA0000000000000000000248 /* SlippiNetplay.cpp */ = {isa = PBXFileReference; lastKnownFileType = sourcecode.cpp.cpp; path = Core/Slippi/SlippiNetplay.cpp; sourceTree = "<group>"; };
		AA0000000000000000000249 /* SlippiPad.cpp */ = {isa = PBXFileReference; lastKnownFileType = sourcecode.cpp.cpp; path = Core/Slippi/SlippiPad.cpp; sourceTree = "<group>"; };
		AA000000000000000000024A /* SlippiPlayback.cpp */ = {isa = PBXFileReference; lastKnownFileType = sourcecode.cpp.cpp; path = Core/Slippi/SlippiPlayback.cpp; sourceTree = "<group>"; };
		AA000000000000000000024B /* SlippiReplayComm.cpp */ = {isa = PBXFileReference; lastKnownFileType = sourcecode.cpp.cpp; path = Core/Slippi/SlippiReplayComm.cpp; sourceTree = "<group>"; };
		AA000000000000000000024C /* SlippiSavestate.cpp */ = {isa = PBXFileReference; lastKnownFileType = sourcecode.cpp.cpp; path = Core/Slippi/SlippiSavestate.cpp; sourceTree = "<group>"; };
		AA000000000000000000024D /* SlippiSpectate.cpp */ = {isa = PBXFileReference; lastKnownFileType = sourcecode.cpp.cpp; path = Core/Slippi/SlippiSpectate.cpp; sourceTree = "<group>"; };
		AA000000000000000000024E /* SlippiStrings.cpp */ = {isa = PBXFileReference; lastKnownFileType = sourcecode.cpp.cpp; path = Core/Slippi/SlippiStrings.cpp; sourceTree = "<group>"; };
		AA000000000000000000024F /* SlippiUser.cpp */ = {isa = PBXFileReference; lastKnownFileType = sourcecode.cpp.cpp; path = Core/Slippi/SlippiUser.cpp; sourceTree = "<group>"; };
		AA0000000000000000000250 /* EXI_DeviceSlippi.cpp */ = {isa = PBXFileReference; lastKnownFileType = sourcecode.cpp.cpp; path = Core/HW/EXI/EXI_DeviceSlippi.cpp; sourceTree = "<group>"; };
		AA0000000000000000000251 /* GeckoCode.cpp */ = {isa = PBXFileReference; lastKnownFileType = sourcecode.cpp.cpp; path = Core/Cheats/GeckoCode.cpp; sourceTree = "<group>"; };
		AA0000000000000000000252 /* State.cpp */ = {isa = PBXFileReference; lastKnownFileType = sourcecode.cpp.cpp; path = Core/State.cpp; sourceTree = "<group>"; };
		AA0000000000000000000253 /* DVDThread.cpp */ = {isa = PBXFileReference; lastKnownFileType = sourcecode.cpp.cpp; path = Core/HW/DVD/DVDThread.cpp; sourceTree = "<group>"; };
		AA0000000000000000000254 /* OnScreenDisplay.cpp */ = {isa = PBXFileReference; lastKnownFileType = sourcecode.cpp.cpp; path = VideoCommon/OnScreenDisplay.cpp; sourceTree = "<group>"; };
		AA0000000000000000000255 /* EXI_Device.cpp */ = {isa = PBXFileReference; lastKnownFileType = sourcecode.cpp.cpp; path = Core/HW/EXI/EXI_Device.cpp; sourceTree = "<group>"; };
		AA0000000000000000000256 /* JitCache.cpp */ = {isa = PBXFileReference; lastKnownFileType = sourcecode.cpp.cpp; path = Core/PowerPC/JitCommon/JitCache.cpp; sourceTree = "<group>"; };
		AA0000000000000000000257 /* HLE_Misc.cpp */ = {isa = PBXFileReference; lastKnownFileType = sourcecode.cpp.cpp; path = Core/HLE/HLE_Misc.cpp; sourceTree = "<group>"; };
		AA0000000000000000000258 /* dolphin_runtime.cpp */ = {isa = PBXFileReference; lastKnownFileType = sourcecode.cpp.cpp; path = ref/ModernGekko/src/runtime/dolphin_runtime.cpp; sourceTree = SOURCE_ROOT; };
		AA0000000000000000000259 /* StaticRecompSettings.cpp */ = {isa = PBXFileReference; lastKnownFileType = sourcecode.cpp.cpp; path = ref/ModernGekko/vendor/dolphin/Source/Core/Core/Config/StaticRecompSettings.cpp; sourceTree = SOURCE_ROOT; };
		AA000000000000000000025A /* Interpreter_LoadStore.cpp */ = {isa = PBXFileReference; lastKnownFileType = sourcecode.cpp.cpp; path = Core/PowerPC/Interpreter_LoadStore.cpp; sourceTree = "<group>"; };
		AA000000000000000000025B /* StateFile.cpp */ = {isa = PBXFileReference; lastKnownFileType = sourcecode.cpp.cpp; path = ref/ModernGekko/vendor/dolphin/Source/Core/Core/StateFile.cpp; sourceTree = SOURCE_ROOT; };
/* End PBXFileReference section */

/* Begin PBXFrameworksBuildPhase section */
		AA0000000000000000000301 /* Frameworks */ = {
			isa = PBXFrameworksBuildPhase;
			buildActionMask = 2147483647;
			files = (
				AA000000000000000000011E /* UniformTypeIdentifiers.framework in Frameworks */,
				AA000000000000000000011D /* CoreHaptics.framework in Frameworks */,
				AA000000000000000000011C /* Foundation.framework in Frameworks */,
				AA000000000000000000011B /* CoreMotion.framework in Frameworks */,
				AA000000000000000000011A /* CoreVideo.framework in Frameworks */,
				AA0000000000000000000119 /* CoreMedia.framework in Frameworks */,
				AA0000000000000000000118 /* SystemConfiguration.framework in Frameworks */,
				AA0000000000000000000117 /* AudioToolbox.framework in Frameworks */,
				AA0000000000000000000116 /* Security.framework in Frameworks */,
				AA0000000000000000000115 /* CoreText.framework in Frameworks */,
				AA0000000000000000000111 /* QuartzCore.framework in Frameworks */,
				AA0000000000000000000110 /* CoreGraphics.framework in Frameworks */,
				AA0000000000000000000109 /* GameController.framework in Frameworks */,
				AA0000000000000000000108 /* MetalKit.framework in Frameworks */,
				AA0000000000000000000107 /* Metal.framework in Frameworks */,
				AA0000000000000000000106 /* UIKit.framework in Frameworks */,
			);
			runOnlyForDeploymentPostprocessing = 0;
		};
/* End PBXFrameworksBuildPhase section */

/* Begin PBXGroup section */
		AA0000000000000000000401 = {
			isa = PBXGroup;
			children = (
				AA0000000000000000000402 /* apple */,
				AA0000000000000000000230 /* Sys */,
				AA0000000000000000000407 /* SlippiNative */,
				AA0000000000000000000403 /* Frameworks */,
				AA0000000000000000000404 /* Products */,
			);
			sourceTree = "<group>";
		};
		AA0000000000000000000402 /* apple */ = {
			isa = PBXGroup;
			children = (
				AA0000000000000000000405 /* ios */,
				AA0000000000000000000406 /* shared */,
			);
			path = apple;
			sourceTree = "<group>";
		};
		AA0000000000000000000405 /* ios */ = {
			isa = PBXGroup;
			children = (
				AA0000000000000000000201 /* MeleePadAppDelegate.mm */,
				AA0000000000000000000218 /* MeleePadCoreHost.mm */,
				AA0000000000000000000229 /* MeleePadCoreHost.h */,
				AA0000000000000000000242 /* MeleePadSlippiHost.mm */,
				AA000000000000000000022C /* MeleePadDiscExtractor.mm */,
				AA000000000000000000022D /* MeleePadDiscExtractor.h */,
				AA0000000000000000000202 /* MeleePadGameViewController.mm */,
				AA0000000000000000000211 /* MeleePadGameViewController.h */,
				AA0000000000000000000203 /* MeleePadGameOverlay.mm */,
				AA0000000000000000000210 /* MeleePadGameOverlay.h */,
				AA0000000000000000000238 /* MeleePadOnlinePlayViewController.mm */,
				AA0000000000000000000239 /* MeleePadOnlinePlayViewController.h */,
				AA0000000000000000000240 /* MeleePadPublicLobbyClient.m */,
				AA0000000000000000000241 /* MeleePadPublicLobbyClient.h */,
				AA0000000000000000000205 /* Assets.xcassets */,
				AA0000000000000000000214 /* Info.plist */,
				AA0000000000000000000220 /* dev-config.plist */,
				AA0000000000000000000235 /* PrivacyInfo.xcprivacy */,
			);
			path = ios;
			sourceTree = "<group>";
		};
		AA0000000000000000000406 /* shared */ = {
			isa = PBXGroup;
			children = (
				AB0000000000000000000201 /* MeleePadRevisions.json */,
				AB0000000000000000000202 /* MeleePadRevision.h */,
				AA0000000000000000000231 /* MeleePadDiagnostics.mm */,
				AA0000000000000000000232 /* MeleePadDiagnostics.h */,
				AA0000000000000000000236 /* MeleePadControllerMapping.mm */,
				AA0000000000000000000237 /* MeleePadControllerMapping.h */,
				AA0000000000000000000233 /* MeleePadInputPipeEncoder.mm */,
				AA0000000000000000000234 /* MeleePadInputPipeEncoder.h */,
				AA0000000000000000000204 /* MeleePadSettings.mm */,
				AA0000000000000000000212 /* MeleePadSettings.h */,
				AA000000000000000000022E /* MeleePadInputMixer.mm */,
				AA000000000000000000022F /* MeleePadInputMixer.h */,
				AA0000000000000000000213 /* MeleePadInputState.h */,
			);
			path = shared;
			sourceTree = "<group>";
		};
		AA0000000000000000000403 /* Frameworks */ = {
			isa = PBXGroup;
			children = (
				AA000000000000000000022B /* UniformTypeIdentifiers.framework */,
				AA000000000000000000022A /* CoreHaptics.framework */,
				AA0000000000000000000228 /* Foundation.framework */,
				AA0000000000000000000227 /* CoreMotion.framework */,
				AA0000000000000000000226 /* CoreVideo.framework */,
				AA0000000000000000000225 /* CoreMedia.framework */,
				AA0000000000000000000224 /* SystemConfiguration.framework */,
				AA0000000000000000000223 /* AudioToolbox.framework */,
				AA0000000000000000000222 /* Security.framework */,
				AA0000000000000000000221 /* CoreText.framework */,
				AA0000000000000000000217 /* QuartzCore.framework */,
				AA0000000000000000000216 /* CoreGraphics.framework */,
				AA0000000000000000000206 /* UIKit.framework */,
				AA0000000000000000000207 /* Metal.framework */,
				AA0000000000000000000208 /* MetalKit.framework */,
				AA0000000000000000000209 /* GameController.framework */,
			);
			name = Frameworks;
			sourceTree = "<group>";
		};
		AA0000000000000000000404 /* Products */ = {
			isa = PBXGroup;
			children = (
				AA0000000000000000000215 /* MeleePad.app */,
			);
			name = Products;
			sourceTree = "<group>";
		};
		AA0000000000000000000407 /* SlippiNative */ = {
			isa = PBXGroup;
			children = (
				AA0000000000000000000243 /* slippi-direct-probe.cpp */,
				AA0000000000000000000244 /* SlippiDirectCodes.cpp */,
				AA0000000000000000000245 /* SlippiGame.cpp */,
				AA0000000000000000000246 /* SlippiGameFileLoader.cpp */,
				AA0000000000000000000247 /* SlippiMatchmaking.cpp */,
				AA0000000000000000000248 /* SlippiNetplay.cpp */,
				AA0000000000000000000249 /* SlippiPad.cpp */,
				AA000000000000000000024A /* SlippiPlayback.cpp */,
				AA000000000000000000024B /* SlippiReplayComm.cpp */,
				AA000000000000000000024C /* SlippiSavestate.cpp */,
				AA000000000000000000024D /* SlippiSpectate.cpp */,
				AA000000000000000000024E /* SlippiStrings.cpp */,
				AA000000000000000000024F /* SlippiUser.cpp */,
				AA0000000000000000000250 /* EXI_DeviceSlippi.cpp */,
				AA0000000000000000000251 /* GeckoCode.cpp */,
				AA0000000000000000000252 /* State.cpp */,
				AA0000000000000000000253 /* DVDThread.cpp */,
				AA0000000000000000000254 /* OnScreenDisplay.cpp */,
				AA0000000000000000000255 /* EXI_Device.cpp */,
				AA0000000000000000000256 /* JitCache.cpp */,
				AA0000000000000000000257 /* HLE_Misc.cpp */,
				AA0000000000000000000258 /* dolphin_runtime.cpp */,
				AA0000000000000000000259 /* StaticRecompSettings.cpp */,
				AA000000000000000000025A /* Interpreter_LoadStore.cpp */,
				AA000000000000000000025B /* StateFile.cpp */,
			);
			path = ref/ModernGekko/vendor/dolphin/SlippiAdapter/Source;
			sourceTree = SOURCE_ROOT;
		};
/* End PBXGroup section */

/* Begin PBXNativeTarget section */
		AA0000000000000000000501 /* MeleePad */ = {
			isa = PBXNativeTarget;
			buildConfigurationList = AA0000000000000000000801 /* Build configuration list for PBXNativeTarget "MeleePad" */;
			buildPhases = (
				AA0000000000000000000601 /* Sources */,
				AA0000000000000000000301 /* Frameworks */,
				AA0000000000000000000602 /* Resources */,
			);
			buildRules = (
			);
			dependencies = (
			);
			name = MeleePad;
			productName = MeleePad;
			productReference = AA0000000000000000000215 /* MeleePad.app */;
			productType = "com.apple.product-type.application";
		};
/* End PBXNativeTarget section */

/* Begin PBXProject section */
		AA0000000000000000000502 /* Project object */ = {
			isa = PBXProject;
			attributes = {
				BuildIndependentTargetsInParallel = 1;
				LastUpgradeCheck = 1600;
				TargetAttributes = {
					AA0000000000000000000501 = {
						CreatedOnToolsVersion = 16.0;
					};
				};
			};
			buildConfigurationList = AA0000000000000000000802 /* Build configuration list for PBXProject "MeleePad" */;
			compatibilityVersion = "Xcode 14.0";
			developmentRegion = en;
			hasScannedForEncodings = 0;
			knownRegions = (
				en,
				Base,
			);
			mainGroup = AA0000000000000000000401;
			productRefGroup = AA0000000000000000000404 /* Products */;
			projectDirPath = "";
			projectRoot = "";
			targets = (
				AA0000000000000000000501 /* MeleePad */,
			);
		};
/* End PBXProject section */

/* Begin PBXResourcesBuildPhase section */
		AA0000000000000000000602 /* Resources */ = {
			isa = PBXResourcesBuildPhase;
			buildActionMask = 2147483647;
			files = (
				AA0000000000000000000121 /* Sys in Resources */,
				AC0000000000000000000001 /* Notices in Resources */,
				AA0000000000000000000114 /* dev-config.plist in Resources */,
				AA0000000000000000000105 /* Assets.xcassets in Resources */,
				AA0000000000000000000124 /* PrivacyInfo.xcprivacy in Resources */,
				AB0000000000000000000101 /* MeleePadRevisions.json in Resources */,
			);
			runOnlyForDeploymentPostprocessing = 0;
		};
/* End PBXResourcesBuildPhase section */

/* Begin PBXSourcesBuildPhase section */
		AA0000000000000000000601 /* Sources */ = {
			isa = PBXSourcesBuildPhase;
			buildActionMask = 2147483647;
			files = (
				AA0000000000000000000122 /* MeleePadDiagnostics.mm in Sources */,
				AA0000000000000000000123 /* MeleePadInputPipeEncoder.mm in Sources */,
				AA0000000000000000000125 /* MeleePadControllerMapping.mm in Sources */,
				AA0000000000000000000120 /* MeleePadInputMixer.mm in Sources */,
				AA000000000000000000011F /* MeleePadDiscExtractor.mm in Sources */,
				AA0000000000000000000112 /* MeleePadCoreHost.mm in Sources */,
				AA0000000000000000000101 /* MeleePadAppDelegate.mm in Sources */,
				AA0000000000000000000102 /* MeleePadGameViewController.mm in Sources */,
				AA0000000000000000000103 /* MeleePadGameOverlay.mm in Sources */,
				AA0000000000000000000126 /* MeleePadOnlinePlayViewController.mm in Sources */,
				AA0000000000000000000127 /* MeleePadPublicLobbyClient.m in Sources */,
				AA0000000000000000000104 /* MeleePadSettings.mm in Sources */,
				AA0000000000000000000128 /* MeleePadSlippiHost.mm in Sources */,
				AA0000000000000000000129 /* slippi-direct-probe.cpp in Sources */,
				AA0000000000000000000130 /* SlippiDirectCodes.cpp in Sources */,
				AA0000000000000000000131 /* SlippiGame.cpp in Sources */,
				AA0000000000000000000132 /* SlippiGameFileLoader.cpp in Sources */,
				AA0000000000000000000133 /* SlippiMatchmaking.cpp in Sources */,
				AA0000000000000000000134 /* SlippiNetplay.cpp in Sources */,
				AA0000000000000000000135 /* SlippiPad.cpp in Sources */,
				AA0000000000000000000136 /* SlippiPlayback.cpp in Sources */,
				AA0000000000000000000137 /* SlippiReplayComm.cpp in Sources */,
				AA0000000000000000000138 /* SlippiSavestate.cpp in Sources */,
				AA0000000000000000000139 /* SlippiSpectate.cpp in Sources */,
				AA000000000000000000013A /* SlippiStrings.cpp in Sources */,
				AA000000000000000000013B /* SlippiUser.cpp in Sources */,
				AA000000000000000000013C /* EXI_DeviceSlippi.cpp in Sources */,
				AA000000000000000000013D /* GeckoCode.cpp in Sources */,
				AA000000000000000000013E /* State.cpp in Sources */,
				AA000000000000000000013F /* DVDThread.cpp in Sources */,
				AA0000000000000000000140 /* OnScreenDisplay.cpp in Sources */,
				AA0000000000000000000141 /* EXI_Device.cpp in Sources */,
				AA0000000000000000000142 /* JitCache.cpp in Sources */,
				AA0000000000000000000143 /* HLE_Misc.cpp in Sources */,
				AA0000000000000000000144 /* dolphin_runtime.cpp in Sources */,
				AA0000000000000000000145 /* StaticRecompSettings.cpp in Sources */,
				AA0000000000000000000146 /* Interpreter_LoadStore.cpp in Sources */,
				AA0000000000000000000147 /* StateFile.cpp in Sources */,
			);
			runOnlyForDeploymentPostprocessing = 0;
		};
/* End PBXSourcesBuildPhase section */

/* Begin XCBuildConfiguration section */
		AA0000000000000000000701 /* Debug */ = {
			isa = XCBuildConfiguration;
			buildSettings = {
				ALWAYS_SEARCH_USER_PATHS = NO;
				CLANG_ANALYZER_NONNULL = YES;
				CLANG_CXX_LANGUAGE_STANDARD = "c++23";
				CLANG_CXX_LIBRARY = "libc++";
				CLANG_ENABLE_MODULES = YES;
				CLANG_ENABLE_OBJC_ARC = YES;
				CLANG_WARN_BOOL_CONVERSION = YES;
				CLANG_WARN_UNREACHABLE_CODE = YES;
				COPY_PHASE_STRIP = NO;
				DEBUG_INFORMATION_FORMAT = dwarf;
				ENABLE_STRICT_OBJC_MSGSEND = YES;
				ENABLE_TESTABILITY = YES;
				GCC_C_LANGUAGE_STANDARD = gnu11;
				GCC_DYNAMIC_NO_PIC = NO;
				GCC_NO_COMMON_BLOCKS = YES;
				GCC_OPTIMIZATION_LEVEL = 0;
				GCC_PREPROCESSOR_DEFINITIONS = (
					"DEBUG=1",
					"$(inherited)",
				);
				IPHONEOS_DEPLOYMENT_TARGET = 16.0;
				MTL_ENABLE_DEBUG_INFO = INCLUDE_SOURCE;
				MTL_FAST_MATH = YES;
				ONLY_ACTIVE_ARCH = YES;
				SDKROOT = iphoneos;
				SWIFT_OPTIMIZATION_LEVEL = "-Onone";
			};
			name = Debug;
		};
		AA0000000000000000000702 /* Release */ = {
			isa = XCBuildConfiguration;
			buildSettings = {
				ALWAYS_SEARCH_USER_PATHS = NO;
				CLANG_ANALYZER_NONNULL = YES;
				CLANG_CXX_LANGUAGE_STANDARD = "c++23";
				CLANG_CXX_LIBRARY = "libc++";
				CLANG_ENABLE_MODULES = YES;
				CLANG_ENABLE_OBJC_ARC = YES;
				CLANG_WARN_BOOL_CONVERSION = YES;
				CLANG_WARN_UNREACHABLE_CODE = YES;
				COPY_PHASE_STRIP = NO;
				DEBUG_INFORMATION_FORMAT = "dwarf-with-dsym";
				ENABLE_NS_ASSERTIONS = NO;
				ENABLE_STRICT_OBJC_MSGSEND = YES;
				GCC_C_LANGUAGE_STANDARD = gnu11;
				GCC_NO_COMMON_BLOCKS = YES;
				IPHONEOS_DEPLOYMENT_TARGET = 16.0;
				MTL_ENABLE_DEBUG_INFO = NO;
				MTL_FAST_MATH = YES;
				SDKROOT = iphoneos;
				SWIFT_COMPILATION_MODE = wholemodule;
				VALIDATE_PRODUCT = YES;
			};
			name = Release;
		};
		AA0000000000000000000703 /* Debug */ = {
			isa = XCBuildConfiguration;
			buildSettings = {
				ARCHS = arm64;
				ASSETCATALOG_COMPILER_APPICON_NAME = AppIcon;
				CODE_SIGN_STYLE = Automatic;
				CURRENT_PROJECT_VERSION = 26;
				ENABLE_USER_SCRIPT_SANDBOXING = YES;
				GENERATE_INFOPLIST_FILE = NO;
				HEADER_SEARCH_PATHS = (
					"$(SRCROOT)/ref/ModernGekko/include",
					"$(SRCROOT)/ref/ModernGekko/tools",
					"$(SRCROOT)/ref/ModernGekko/src",
					"$(SRCROOT)/ref/ModernGekko/vendor/dolphin/Source/Core",
					"$(SRCROOT)/ref/ModernGekko/vendor/dolphin/GXRuntime/include",
					"$(SRCROOT)/ref/ModernGekko/build-ios-iphonesimulator-meleepad-static",
					"$(SRCROOT)/ref/ModernGekko/build-ios-iphonesimulator-meleepad-static/vendor/dolphin/Source/Core",
					"$(SRCROOT)/ref/ModernGekko/build-ios-iphoneos-meleepad-static",
					"$(SRCROOT)/ref/ModernGekko/build-ios-iphoneos-meleepad-static/vendor/dolphin/Source/Core",
					"$(SRCROOT)/ref/ModernGekko/vendor/dolphin/Externals/fmt/fmt/include",
					"$(SRCROOT)/ref/ModernGekko/vendor/dolphin/Externals/picojson",
					"$(SRCROOT)/ref/ModernGekko/vendor/dolphin/Externals/enet/enet/include",
					"$(SRCROOT)/ref/ModernGekko/vendor/dolphin/Externals/mbedtls/include",
					"$(SRCROOT)/ref/ModernGekko/vendor/dolphin/Externals/imgui/imgui",
					"$(SRCROOT)/ref/ModernGekko/vendor/dolphin/Externals/SFML/SFML/include",
					"$(SRCROOT)/ref/ModernGekko/vendor/dolphin/SlippiAdapter/Source",
					"$(SRCROOT)/ref/ModernGekko/vendor/dolphin/SlippiAdapter/Source/Core/Slippi",
					"$(SRCROOT)/ref/ModernGekko/vendor/dolphin/SlippiAdapter/Externals",
					"$(SRCROOT)/ref/ModernGekko/vendor/dolphin/SlippiAdapter/rust/ffi/includes",
					"$(SRCROOT)/scripts",
				);
				INFOPLIST_FILE = apple/ios/Info.plist;
				LD_RUNPATH_SEARCH_PATHS = (
					"$(inherited)",
					"@executable_path/Frameworks",
				);
				LIBRARY_SEARCH_PATHS = (
					"$(inherited)",
					"$(SRCROOT)/apple/ios/Provisioned/$(PLATFORM_NAME)/libs",
				);
				MARKETING_VERSION = 0.1.0;
				OTHER_LDFLAGS = (
					"$(inherited)",
					"-lz",
					"-lbz2",
					"-liconv",
					"-lresolv",
					"-lcompression",
					"-framework AVFAudio",
				);
				"OTHER_LDFLAGS[sdk=iphonesimulator*]" = (
					"$(inherited)",
					"@$(SRCROOT)/apple/ios/Provisioned/$(PLATFORM_NAME)/libs/MeleePadSlippiCore.rsp",
				);
				OTHER_CFLAGS = (
					"$(inherited)",
					"-ffile-prefix-map=$(SRCROOT)=.",
				);
				"OTHER_LDFLAGS[sdk=iphoneos*]" = (
					"$(inherited)",
					"@$(SRCROOT)/apple/ios/Provisioned/iphoneos/libs/MeleePadSlippiCore.rsp",
				);
				OTHER_CPLUSPLUSFLAGS = (
					"$(inherited)",
					"-D_ARCH_64=1",
					"-D_M_ARM_64=1",
					"-DSLIPPI=CORE",
					"-DSLIPPI_ONLINE=CORE",
					"-include",
					"$(SRCROOT)/ref/ModernGekko/vendor/dolphin/SlippiAdapter/Source/Core/Slippi/SlippiCompat.h",
					"-fno-exceptions",
					"-U_LIBCPP_HARDENING_MODE",
					"-D_LIBCPP_HARDENING_MODE=_LIBCPP_HARDENING_MODE_NONE",
					"-DJSON_NOEXCEPTION",
					"-ffile-prefix-map=$(SRCROOT)=.",
				);
				PRODUCT_BUNDLE_IDENTIFIER = com.meleepad.MeleePad;
				PRODUCT_NAME = "$(TARGET_NAME)";
				SUPPORTED_PLATFORMS = "iphoneos iphonesimulator";
				SUPPORTS_MACCATALYST = NO;
				TARGETED_DEVICE_FAMILY = "1,2";
			};
			name = Debug;
		};
		AA0000000000000000000704 /* Release */ = {
			isa = XCBuildConfiguration;
			buildSettings = {
				ARCHS = arm64;
				ASSETCATALOG_COMPILER_APPICON_NAME = AppIcon;
				CODE_SIGN_STYLE = Automatic;
				CURRENT_PROJECT_VERSION = 26;
				ENABLE_USER_SCRIPT_SANDBOXING = YES;
				GENERATE_INFOPLIST_FILE = NO;
				HEADER_SEARCH_PATHS = (
					"$(SRCROOT)/ref/ModernGekko/include",
					"$(SRCROOT)/ref/ModernGekko/tools",
					"$(SRCROOT)/ref/ModernGekko/src",
					"$(SRCROOT)/ref/ModernGekko/vendor/dolphin/Source/Core",
					"$(SRCROOT)/ref/ModernGekko/vendor/dolphin/GXRuntime/include",
					"$(SRCROOT)/ref/ModernGekko/build-ios-iphonesimulator-meleepad-static",
					"$(SRCROOT)/ref/ModernGekko/build-ios-iphonesimulator-meleepad-static/vendor/dolphin/Source/Core",
					"$(SRCROOT)/ref/ModernGekko/build-ios-iphoneos-meleepad-static",
					"$(SRCROOT)/ref/ModernGekko/build-ios-iphoneos-meleepad-static/vendor/dolphin/Source/Core",
					"$(SRCROOT)/ref/ModernGekko/vendor/dolphin/Externals/fmt/fmt/include",
					"$(SRCROOT)/ref/ModernGekko/vendor/dolphin/Externals/picojson",
					"$(SRCROOT)/ref/ModernGekko/vendor/dolphin/Externals/enet/enet/include",
					"$(SRCROOT)/ref/ModernGekko/vendor/dolphin/Externals/mbedtls/include",
					"$(SRCROOT)/ref/ModernGekko/vendor/dolphin/Externals/imgui/imgui",
					"$(SRCROOT)/ref/ModernGekko/vendor/dolphin/Externals/SFML/SFML/include",
					"$(SRCROOT)/ref/ModernGekko/vendor/dolphin/SlippiAdapter/Source",
					"$(SRCROOT)/ref/ModernGekko/vendor/dolphin/SlippiAdapter/Source/Core/Slippi",
					"$(SRCROOT)/ref/ModernGekko/vendor/dolphin/SlippiAdapter/Externals",
					"$(SRCROOT)/ref/ModernGekko/vendor/dolphin/SlippiAdapter/rust/ffi/includes",
					"$(SRCROOT)/scripts",
				);
				INFOPLIST_FILE = apple/ios/Info.plist;
				LD_RUNPATH_SEARCH_PATHS = (
					"$(inherited)",
					"@executable_path/Frameworks",
				);
				LIBRARY_SEARCH_PATHS = (
					"$(inherited)",
					"$(SRCROOT)/apple/ios/Provisioned/$(PLATFORM_NAME)/libs",
				);
				MARKETING_VERSION = 0.1.0;
				OTHER_LDFLAGS = (
					"$(inherited)",
					"-lz",
					"-lbz2",
					"-liconv",
					"-lresolv",
					"-lcompression",
					"-framework AVFAudio",
				);
				"OTHER_LDFLAGS[sdk=iphonesimulator*]" = (
					"$(inherited)",
					"@$(SRCROOT)/apple/ios/Provisioned/$(PLATFORM_NAME)/libs/MeleePadSlippiCore.rsp",
				);
				OTHER_CFLAGS = (
					"$(inherited)",
					"-ffile-prefix-map=$(SRCROOT)=.",
				);
				"OTHER_LDFLAGS[sdk=iphoneos*]" = (
					"$(inherited)",
					"@$(SRCROOT)/apple/ios/Provisioned/iphoneos/libs/MeleePadSlippiCore.rsp",
				);
				OTHER_CPLUSPLUSFLAGS = (
					"$(inherited)",
					"-D_ARCH_64=1",
					"-D_M_ARM_64=1",
					"-DSLIPPI=CORE",
					"-DSLIPPI_ONLINE=CORE",
					"-include",
					"$(SRCROOT)/ref/ModernGekko/vendor/dolphin/SlippiAdapter/Source/Core/Slippi/SlippiCompat.h",
					"-fno-exceptions",
					"-U_LIBCPP_HARDENING_MODE",
					"-D_LIBCPP_HARDENING_MODE=_LIBCPP_HARDENING_MODE_NONE",
					"-DJSON_NOEXCEPTION",
					"-ffile-prefix-map=$(SRCROOT)=.",
				);
				PRODUCT_BUNDLE_IDENTIFIER = com.meleepad.MeleePad;
				PRODUCT_NAME = "$(TARGET_NAME)";
				SUPPORTED_PLATFORMS = "iphoneos iphonesimulator";
				SUPPORTS_MACCATALYST = NO;
				TARGETED_DEVICE_FAMILY = "1,2";
			};
			name = Release;
		};
/* End XCBuildConfiguration section */

/* Begin XCConfigurationList section */
		AA0000000000000000000801 /* Build configuration list for PBXNativeTarget "MeleePad" */ = {
			isa = XCConfigurationList;
			buildConfigurations = (
				AA0000000000000000000703 /* Debug */,
				AA0000000000000000000704 /* Release */,
			);
			defaultConfigurationIsVisible = 0;
			defaultConfigurationName = Release;
		};
		AA0000000000000000000802 /* Build configuration list for PBXProject "MeleePad" */ = {
			isa = XCConfigurationList;
			buildConfigurations = (
				AA0000000000000000000701 /* Debug */,
				AA0000000000000000000702 /* Release */,
			);
			defaultConfigurationIsVisible = 0;
			defaultConfigurationName = Release;
		};
/* End XCConfigurationList section */
	};
	rootObject = AA0000000000000000000502 /* Project object */;
}
